
Microsoft Visual Studio Solution File, Format Version 12.00
# Visual Studio 14
VisualStudioVersion = 14.0.25123.0
MinimumVisualStudioVersion = 10.0.40219.1
Project("{FAE04EC0-301F-11D3-BF4B-00C04F79EFBC}") = "ElectoralSystem", "ElectoralSystem\ElectoralSystem.csproj", "{7FC09EAB-016C-4952-A0E6-A6CC2F78815B}"
EndProject
Project("{FAE04EC0-301F-11D3-BF4B-00C04F79EFBC}") = "DDLElectoralSystemDB", "DDLElectoralSystemDB\DDLElectoralSystemDB.csproj", "{BE76CF2A-0A3B-4060-9D1B-5E51F1D3410B}"
EndProject
Global
	GlobalSection(SolutionConfigurationPlatforms) = preSolution
		Debug|Any CPU = Debug|Any CPU
		Release|Any CPU = Release|Any CPU
	EndGlobalSection
	GlobalSection(ProjectConfigurationPlatforms) = postSolution
		{7FC09EAB-016C-4952-A0E6-A6CC2F78815B}.Debug|Any CPU.ActiveCfg = Debug|Any CPU
		{7FC09EAB-016C-4952-A0E6-A6CC2F78815B}.Debug|Any CPU.Build.0 = Debug|Any CPU
		{7FC09EAB-016C-4952-A0E6-A6CC2F78815B}.Release|Any CPU.ActiveCfg = Release|Any CPU
		{7FC09EAB-016C-4952-A0E6-A6CC2F78815B}.Release|Any CPU.Build.0 = Release|Any CPU
		{BE76CF2A-0A3B-4060-9D1B-5E51F1D3410B}.Debug|Any CPU.ActiveCfg = Debug|Any CPU
		{BE76CF2A-0A3B-4060-9D1B-5E51F1D3410B}.Debug|Any CPU.Build.0 = Debug|Any CPU
		{BE76CF2A-0A3B-4060-9D1B-5E51F1D3410B}.Release|Any CPU.ActiveCfg = Release|Any CPU
		{BE76CF2A-0A3B-4060-9D1B-5E51F1D3410B}.Release|Any CPU.Build.0 = Release|Any CPU
	EndGlobalSection
	GlobalSection(SolutionProperties) = preSolution
		HideSolutionNode = FALSE
	EndGlobalSection
EndGlobal
